
Microsoft Visual Studio Solution File, Format Version 12.00
# Visual Studio Version 17
VisualStudioVersion = 17.4.33403.182
MinimumVisualStudioVersion = 10.0.40219.1
Project("{8BC9CEB8-8B4A-11D0-8D11-00A0C91BC942}") = "CProject01", "CProject1\CProject1.vcxproj", "{1152F1AC-8D8C-4403-A448-F5EC739783BF}"
EndProject
Project("{8BC9CEB8-8B4A-11D0-8D11-00A0C91BC942}") = "CProject02", "CProject3\CProject3.vcxproj", "{242000DF-FC02-4ABB-93E2-B4315A2CA34F}"
EndProject
Project("{8BC9CEB8-8B4A-11D0-8D11-00A0C91BC942}") = "CProject03", "CProject3_\CProject3_.vcxproj", "{652A6769-6977-4393-8621-9FBF8DB76F22}"
EndProject
Project("{8BC9CEB8-8B4A-11D0-8D11-00A0C91BC942}") = "CProject04", "CProject4\CProject4.vcxproj", "{27E169E9-B41A-474B-A51A-882292401789}"
EndProject
Project("{8BC9CEB8-8B4A-11D0-8D11-00A0C91BC942}") = "CProject05", "CProject5\CProject5.vcxproj", "{60F65AA0-4370-4C3A-9A95-4B6DAC7EB640}"
EndProject
Project("{8BC9CEB8-8B4A-11D0-8D11-00A0C91BC942}") = "CProject06", "CProject6\CProject6.vcxproj", "{90253790-D1AE-4DF4-A517-13D2024E43A1}"
EndProject
Project("{8BC9CEB8-8B4A-11D0-8D11-00A0C91BC942}") = "CProject07", "CProject7\CProject7.vcxproj", "{229284F9-3FBC-4EE1-9D1A-B6E84A8DB289}"
EndProject
Project("{8BC9CEB8-8B4A-11D0-8D11-00A0C91BC942}") = "CProject08", "CProject8\CProject8.vcxproj", "{F31734F0-5A14-4383-A22A-333D5010D43D}"
EndProject
Project("{8BC9CEB8-8B4A-11D0-8D11-00A0C91BC942}") = "CProject09", "CProject9\CProject9.vcxproj", "{F5D767A8-38EF-4C7E-838B-DCCA1447DDD2}"
EndProject
Project("{8BC9CEB8-8B4A-11D0-8D11-00A0C91BC942}") = "CProject10", "CProject10\CProject10.vcxproj", "{2006B215-86D8-4050-83D8-8DE1E15C48E9}"
EndProject
Project("{8BC9CEB8-8B4A-11D0-8D11-00A0C91BC942}") = "CProject11", "CProject11\CProject11.vcxproj", "{2D8C6A0B-631F-43E8-BB7B-4E2CEC32A20A}"
EndProject
Global
	GlobalSection(SolutionConfigurationPlatforms) = preSolution
		Debug|x64 = Debug|x64
		Debug|x86 = Debug|x86
		Release|x64 = Release|x64
		Release|x86 = Release|x86
	EndGlobalSection
	GlobalSection(ProjectConfigurationPlatforms) = postSolution
		{1152F1AC-8D8C-4403-A448-F5EC739783BF}.Debug|x64.ActiveCfg = Debug|x64
		{1152F1AC-8D8C-4403-A448-F5EC739783BF}.Debug|x64.Build.0 = Debug|x64
		{1152F1AC-8D8C-4403-A448-F5EC739783BF}.Debug|x86.ActiveCfg = Debug|Win32
		{1152F1AC-8D8C-4403-A448-F5EC739783BF}.Debug|x86.Build.0 = Debug|Win32
		{1152F1AC-8D8C-4403-A448-F5EC739783BF}.Release|x64.ActiveCfg = Release|x64
		{1152F1AC-8D8C-4403-A448-F5EC739783BF}.Release|x64.Build.0 = Release|x64
		{1152F1AC-8D8C-4403-A448-F5EC739783BF}.Release|x86.ActiveCfg = Release|Win32
		{1152F1AC-8D8C-4403-A448-F5EC739783BF}.Release|x86.Build.0 = Release|Win32
		{242000DF-FC02-4ABB-93E2-B4315A2CA34F}.Debug|x64.ActiveCfg = Debug|x64
		{242000DF-FC02-4ABB-93E2-B4315A2CA34F}.Debug|x64.Build.0 = Debug|x64
		{242000DF-FC02-4ABB-93E2-B4315A2CA34F}.Debug|x86.ActiveCfg = Debug|Win32
		{242000DF-FC02-4ABB-93E2-B4315A2CA34F}.Debug|x86.Build.0 = Debug|Win32
		{242000DF-FC02-4ABB-93E2-B4315A2CA34F}.Release|x64.ActiveCfg = Release|x64
		{242000DF-FC02-4ABB-93E2-B4315A2CA34F}.Release|x64.Build.0 = Release|x64
		{242000DF-FC02-4ABB-93E2-B4315A2CA34F}.Release|x86.ActiveCfg = Release|Win32
		{242000DF-FC02-4ABB-93E2-B4315A2CA34F}.Release|x86.Build.0 = Release|Win32
		{652A6769-6977-4393-8621-9FBF8DB76F22}.Debug|x64.ActiveCfg = Debug|x64
		{652A6769-6977-4393-8621-9FBF8DB76F22}.Debug|x64.Build.0 = Debug|x64
		{652A6769-6977-4393-8621-9FBF8DB76F22}.Debug|x86.ActiveCfg = Debug|Win32
		{652A6769-6977-4393-8621-9FBF8DB76F22}.Debug|x86.Build.0 = Debug|Win32
		{652A6769-6977-4393-8621-9FBF8DB76F22}.Release|x64.ActiveCfg = Release|x64
		{652A6769-6977-4393-8621-9FBF8DB76F22}.Release|x64.Build.0 = Release|x64
		{652A6769-6977-4393-8621-9FBF8DB76F22}.Release|x86.ActiveCfg = Release|Win32
		{652A6769-6977-4393-8621-9FBF8DB76F22}.Release|x86.Build.0 = Release|Win32
		{27E169E9-B41A-474B-A51A-882292401789}.Debug|x64.ActiveCfg = Debug|x64
		{27E169E9-B41A-474B-A51A-882292401789}.Debug|x64.Build.0 = Debug|x64
		{27E169E9-B41A-474B-A51A-882292401789}.Debug|x86.ActiveCfg = Debug|Win32
		{27E169E9-B41A-474B-A51A-882292401789}.Debug|x86.Build.0 = Debug|Win32
		{27E169E9-B41A-474B-A51A-882292401789}.Release|x64.ActiveCfg = Release|x64
		{27E169E9-B41A-474B-A51A-882292401789}.Release|x64.Build.0 = Release|x64
		{27E169E9-B41A-474B-A51A-882292401789}.Release|x86.ActiveCfg = Release|Win32
		{27E169E9-B41A-474B-A51A-882292401789}.Release|x86.Build.0 = Release|Win32
		{60F65AA0-4370-4C3A-9A95-4B6DAC7EB640}.Debug|x64.ActiveCfg = Debug|x64
		{60F65AA0-4370-4C3A-9A95-4B6DAC7EB640}.Debug|x64.Build.0 = Debug|x64
		{60F65AA0-4370-4C3A-9A95-4B6DAC7EB640}.Debug|x86.ActiveCfg = Debug|Win32
		{60F65AA0-4370-4C3A-9A95-4B6DAC7EB640}.Debug|x86.Build.0 = Debug|Win32
		{60F65AA0-4370-4C3A-9A95-4B6DAC7EB640}.Release|x64.ActiveCfg = Release|x64
		{60F65AA0-4370-4C3A-9A95-4B6DAC7EB640}.Release|x64.Build.0 = Release|x64
		{60F65AA0-4370-4C3A-9A95-4B6DAC7EB640}.Release|x86.ActiveCfg = Release|Win32
		{60F65AA0-4370-4C3A-9A95-4B6DAC7EB640}.Release|x86.Build.0 = Release|Win32
		{90253790-D1AE-4DF4-A517-13D2024E43A1}.Debug|x64.ActiveCfg = Debug|x64
		{90253790-D1AE-4DF4-A517-13D2024E43A1}.Debug|x64.Build.0 = Debug|x64
		{90253790-D1AE-4DF4-A517-13D2024E43A1}.Debug|x86.ActiveCfg = Debug|Win32
		{90253790-D1AE-4DF4-A517-13D2024E43A1}.Debug|x86.Build.0 = Debug|Win32
		{90253790-D1AE-4DF4-A517-13D2024E43A1}.Release|x64.ActiveCfg = Release|x64
		{90253790-D1AE-4DF4-A517-13D2024E43A1}.Release|x64.Build.0 = Release|x64
		{90253790-D1AE-4DF4-A517-13D2024E43A1}.Release|x86.ActiveCfg = Release|Win32
		{90253790-D1AE-4DF4-A517-13D2024E43A1}.Release|x86.Build.0 = Release|Win32
		{229284F9-3FBC-4EE1-9D1A-B6E84A8DB289}.Debug|x64.ActiveCfg = Debug|x64
		{229284F9-3FBC-4EE1-9D1A-B6E84A8DB289}.Debug|x64.Build.0 = Debug|x64
		{229284F9-3FBC-4EE1-9D1A-B6E84A8DB289}.Debug|x86.ActiveCfg = Debug|Win32
		{229284F9-3FBC-4EE1-9D1A-B6E84A8DB289}.Debug|x86.Build.0 = Debug|Win32
		{229284F9-3FBC-4EE1-9D1A-B6E84A8DB289}.Release|x64.ActiveCfg = Release|x64
		{229284F9-3FBC-4EE1-9D1A-B6E84A8DB289}.Release|x64.Build.0 = Release|x64
		{229284F9-3FBC-4EE1-9D1A-B6E84A8DB289}.Release|x86.ActiveCfg = Release|Win32
		{229284F9-3FBC-4EE1-9D1A-B6E84A8DB289}.Release|x86.Build.0 = Release|Win32
		{F31734F0-5A14-4383-A22A-333D5010D43D}.Debug|x64.ActiveCfg = Debug|x64
		{F31734F0-5A14-4383-A22A-333D5010D43D}.Debug|x64.Build.0 = Debug|x64
		{F31734F0-5A14-4383-A22A-333D5010D43D}.Debug|x86.ActiveCfg = Debug|Win32
		{F31734F0-5A14-4383-A22A-333D5010D43D}.Debug|x86.Build.0 = Debug|Win32
		{F31734F0-5A14-4383-A22A-333D5010D43D}.Release|x64.ActiveCfg = Release|x64
		{F31734F0-5A14-4383-A22A-333D5010D43D}.Release|x64.Build.0 = Release|x64
		{F31734F0-5A14-4383-A22A-333D5010D43D}.Release|x86.ActiveCfg = Release|Win32
		{F31734F0-5A14-4383-A22A-333D5010D43D}.Release|x86.Build.0 = Release|Win32
		{F5D767A8-38EF-4C7E-838B-DCCA1447DDD2}.Debug|x64.ActiveCfg = Debug|x64
		{F5D767A8-38EF-4C7E-838B-DCCA1447DDD2}.Debug|x64.Build.0 = Debug|x64
		{F5D767A8-38EF-4C7E-838B-DCCA1447DDD2}.Debug|x86.ActiveCfg = Debug|Win32
		{F5D767A8-38EF-4C7E-838B-DCCA1447DDD2}.Debug|x86.Build.0 = Debug|Win32
		{F5D767A8-38EF-4C7E-838B-DCCA1447DDD2}.Release|x64.ActiveCfg = Release|x64
		{F5D767A8-38EF-4C7E-838B-DCCA1447DDD2}.Release|x64.Build.0 = Release|x64
		{F5D767A8-38EF-4C7E-838B-DCCA1447DDD2}.Release|x86.ActiveCfg = Release|Win32
		{F5D767A8-38EF-4C7E-838B-DCCA1447DDD2}.Release|x86.Build.0 = Release|Win32
		{2006B215-86D8-4050-83D8-8DE1E15C48E9}.Debug|x64.ActiveCfg = Debug|x64
		{2006B215-86D8-4050-83D8-8DE1E15C48E9}.Debug|x64.Build.0 = Debug|x64
		{2006B215-86D8-4050-83D8-8DE1E15C48E9}.Debug|x86.ActiveCfg = Debug|Win32
		{2006B215-86D8-4050-83D8-8DE1E15C48E9}.Debug|x86.Build.0 = Debug|Win32
		{2006B215-86D8-4050-83D8-8DE1E15C48E9}.Release|x64.ActiveCfg = Release|x64
		{2006B215-86D8-4050-83D8-8DE1E15C48E9}.Release|x64.Build.0 = Release|x64
		{2006B215-86D8-4050-83D8-8DE1E15C48E9}.Release|x86.ActiveCfg = Release|Win32
		{2006B215-86D8-4050-83D8-8DE1E15C48E9}.Release|x86.Build.0 = Release|Win32
		{2D8C6A0B-631F-43E8-BB7B-4E2CEC32A20A}.Debug|x64.ActiveCfg = Debug|x64
		{2D8C6A0B-631F-43E8-BB7B-4E2CEC32A20A}.Debug|x64.Build.0 = Debug|x64
		{2D8C6A0B-631F-43E8-BB7B-4E2CEC32A20A}.Debug|x86.ActiveCfg = Debug|Win32
		{2D8C6A0B-631F-43E8-BB7B-4E2CEC32A20A}.Debug|x86.Build.0 = Debug|Win32
		{2D8C6A0B-631F-43E8-BB7B-4E2CEC32A20A}.Release|x64.ActiveCfg = Release|x64
		{2D8C6A0B-631F-43E8-BB7B-4E2CEC32A20A}.Release|x64.Build.0 = Release|x64
		{2D8C6A0B-631F-43E8-BB7B-4E2CEC32A20A}.Release|x86.ActiveCfg = Release|Win32
		{2D8C6A0B-631F-43E8-BB7B-4E2CEC32A20A}.Release|x86.Build.0 = Release|Win32
	EndGlobalSection
	GlobalSection(SolutionProperties) = preSolution
		HideSolutionNode = FALSE
	EndGlobalSection
	GlobalSection(ExtensibilityGlobals) = postSolution
		SolutionGuid = {CA8B8C61-72B1-4BE7-B0D2-35D474F1B89F}
	EndGlobalSection
EndGlobal
